# This file was autogenerated by Stack.
# You should not edit this file by hand.
# For more information, please see the documentation at:
#   https://docs.haskellstack.org/en/stable/lock_files

packages:
- completed:
    hackage: gloss-juicy-0.2.3@sha256:0c3bca95237cbf91f8b3b1936a0661f1e0457acd80502276d54d6c5210f88b25,1618
    pantry-tree:
      sha256: 914c08509bc3da4707d90e542b44833ca1a62abc83c2848f87df3d7a7a1d7e03
      size: 273
  original:
    hackage: gloss-juicy-0.2.3
snapshots:
- completed:
    sha256: 417fa04a2ed8916cdae74c475ff97ac80857fed5000f19dce4f9564b5e635294
    size: 720000
    url: https://raw.githubusercontent.com/commercialhaskell/stackage-snapshots/master/lts/22/32.yaml
  original:
    url: https://raw.githubusercontent.com/commercialhaskell/stackage-snapshots/master/lts/22/32.yaml
